// !$*UTF8*$!
{
	archiveVersion = 1;
	classes = {
	};
	objectVersion = 46;
	objects = {

/* Begin PBXBuildFile section */
		1D00035168E6A2D0D0F0A899 /* Pods_Udacians.framework in Frameworks */ = {isa = PBXBuildFile; fileRef = 855C340DD5C2F0EFD58C9577 /* Pods_Udacians.framework */; };
		5A051C951EC22D6E0007EFDC /* CommunityGuidelinesViewController.swift in Sources */ = {isa = PBXBuildFile; fileRef = 5A051C941EC22D6E0007EFDC /* CommunityGuidelinesViewController.swift */; };
		5A059C2F1E56AD9800DF54BD /* ThreeTitleTableViewCell.swift in Sources */ = {isa = PBXBuildFile; fileRef = 5A059C2E1E56AD9800DF54BD /* ThreeTitleTableViewCell.swift */; };
		5A059C311E56B0B900DF54BD /* Article.swift in Sources */ = {isa = PBXBuildFile; fileRef = 5A059C301E56B0B900DF54BD /* Article.swift */; };
		5A17C5E81E78B28C004B759A /* MultipleInputViewController.swift in Sources */ = {isa = PBXBuildFile; fileRef = 5A17C5E71E78B28C004B759A /* MultipleInputViewController.swift */; };
		5A25CC171E74C9CB00152AAE /* UIViewController+Convenience.swift in Sources */ = {isa = PBXBuildFile; fileRef = 5A25CC161E74C9CB00152AAE /* UIViewController+Convenience.swift */; };
		5A29A8111E60D9EF00171486 /* Utils.swift in Sources */ = {isa = PBXBuildFile; fileRef = 5A29A8101E60D9EF00171486 /* Utils.swift */; };
		5A3B88E01E733BA2000FEC96 /* EventViewController.swift in Sources */ = {isa = PBXBuildFile; fileRef = 5A3B88DF1E733BA2000FEC96 /* EventViewController.swift */; };
		5A4F82F31E4CCC520047869A /* WebImageCache.swift in Sources */ = {isa = PBXBuildFile; fileRef = 5A4F82F21E4CCC520047869A /* WebImageCache.swift */; };
		5A4F82F51E4D14520047869A /* PostWithImageTableViewCell.swift in Sources */ = {isa = PBXBuildFile; fileRef = 5A4F82F41E4D14520047869A /* PostWithImageTableViewCell.swift */; };
		5A4FE8C21E4A444900896D79 /* FeedViewController.swift in Sources */ = {isa = PBXBuildFile; fileRef = 5A4FE8C11E4A444900896D79 /* FeedViewController.swift */; };
		5A4FE8C41E4A445700896D79 /* SocialViewController.swift in Sources */ = {isa = PBXBuildFile; fileRef = 5A4FE8C31E4A445700896D79 /* SocialViewController.swift */; };
		5A4FE8C61E4A447700896D79 /* CommunityViewController.swift in Sources */ = {isa = PBXBuildFile; fileRef = 5A4FE8C51E4A447700896D79 /* CommunityViewController.swift */; };
		5A4FE8C81E4A448900896D79 /* UserViewController.swift in Sources */ = {isa = PBXBuildFile; fileRef = 5A4FE8C71E4A448900896D79 /* UserViewController.swift */; };
		5A5581FB1E8810D5007338EC /* UIViewController+Extension.swift in Sources */ = {isa = PBXBuildFile; fileRef = 5A5581FA1E8810D5007338EC /* UIViewController+Extension.swift */; };
		5A585C651DC2449B009647A0 /* AppDelegate.swift in Sources */ = {isa = PBXBuildFile; fileRef = 5A585C641DC2449B009647A0 /* AppDelegate.swift */; };
		5A585C6A1DC2449B009647A0 /* Main.storyboard in Resources */ = {isa = PBXBuildFile; fileRef = 5A585C681DC2449B009647A0 /* Main.storyboard */; };
		5A585C6C1DC2449B009647A0 /* Assets.xcassets in Resources */ = {isa = PBXBuildFile; fileRef = 5A585C6B1DC2449B009647A0 /* Assets.xcassets */; };
		5A585C6F1DC2449B009647A0 /* LaunchScreen.storyboard in Resources */ = {isa = PBXBuildFile; fileRef = 5A585C6D1DC2449B009647A0 /* LaunchScreen.storyboard */; };
		5A585C7A1DC2449B009647A0 /* UdaciansTests.swift in Sources */ = {isa = PBXBuildFile; fileRef = 5A585C791DC2449B009647A0 /* UdaciansTests.swift */; };
		5A585C851DC2449B009647A0 /* UdaciansUITests.swift in Sources */ = {isa = PBXBuildFile; fileRef = 5A585C841DC2449B009647A0 /* UdaciansUITests.swift */; };
		5A585C981DC24766009647A0 /* GoogleService-Info.plist in Resources */ = {isa = PBXBuildFile; fileRef = 5A585C971DC24766009647A0 /* GoogleService-Info.plist */; };
		5A695E761E7D8DF400E082D3 /* LoginViewController.swift in Sources */ = {isa = PBXBuildFile; fileRef = 5A695E751E7D8DF400E082D3 /* LoginViewController.swift */; };
		5A6B45231EC11AD8002F6485 /* ReportAbuseViewController.swift in Sources */ = {isa = PBXBuildFile; fileRef = 5A6B45221EC11AD8002F6485 /* ReportAbuseViewController.swift */; };
		5A6F13B31EA901A300F0946D /* KeychainOptions.swift in Sources */ = {isa = PBXBuildFile; fileRef = 5A6F13B11EA901A300F0946D /* KeychainOptions.swift */; };
		5A6F13B41EA901A300F0946D /* KeychainWrapper.swift in Sources */ = {isa = PBXBuildFile; fileRef = 5A6F13B21EA901A300F0946D /* KeychainWrapper.swift */; };
		5A76DF8A1E4A6B820032969E /* PostTableViewCell.swift in Sources */ = {isa = PBXBuildFile; fileRef = 5A76DF891E4A6B820032969E /* PostTableViewCell.swift */; };
		5A7CC8D11E4EC280001CEF72 /* ChatTableViewCell.swift in Sources */ = {isa = PBXBuildFile; fileRef = 5A7CC8D01E4EC280001CEF72 /* ChatTableViewCell.swift */; };
		5A8555CA1DC51BFA00D8BF46 /* SwiftyJSON.swift in Sources */ = {isa = PBXBuildFile; fileRef = 5A8555C91DC51BFA00D8BF46 /* SwiftyJSON.swift */; };
		5A8555CC1DC51CBA00D8BF46 /* UdacityClient.swift in Sources */ = {isa = PBXBuildFile; fileRef = 5A8555CB1DC51CBA00D8BF46 /* UdacityClient.swift */; };
		5A8F54C01E52AF52000F2B2C /* MessageViewController.swift in Sources */ = {isa = PBXBuildFile; fileRef = 5A8F54BF1E52AF52000F2B2C /* MessageViewController.swift */; };
		5AB6C3111E4FAF030033301F /* ConnectionTableViewCell.swift in Sources */ = {isa = PBXBuildFile; fileRef = 5AB6C3101E4FAF030033301F /* ConnectionTableViewCell.swift */; };
		5ADCF38F1E6A56D200C4F313 /* ProfileLinkCollectionViewCell.swift in Sources */ = {isa = PBXBuildFile; fileRef = 5ADCF38E1E6A56D200C4F313 /* ProfileLinkCollectionViewCell.swift */; };
		5ADCF3911E6A5AFE00C4F313 /* PostFeedTableViewDataSource.swift in Sources */ = {isa = PBXBuildFile; fileRef = 5ADCF3901E6A5AFE00C4F313 /* PostFeedTableViewDataSource.swift */; };
		5AE1EEDA1E09B22D00731775 /* MainViewController.swift in Sources */ = {isa = PBXBuildFile; fileRef = 5AE1EED91E09B22D00731775 /* MainViewController.swift */; };
		5AE1EEDC1E09B52800731775 /* MapViewController.swift in Sources */ = {isa = PBXBuildFile; fileRef = 5AE1EEDB1E09B52800731775 /* MapViewController.swift */; };
		5AE9CAB11E6CA9D700E1E279 /* EditProfileViewController.swift in Sources */ = {isa = PBXBuildFile; fileRef = 5AE9CAB01E6CA9D700E1E279 /* EditProfileViewController.swift */; };
		5AE9CAB31E6D109000E1E279 /* WritePostViewController.swift in Sources */ = {isa = PBXBuildFile; fileRef = 5AE9CAB21E6D109000E1E279 /* WritePostViewController.swift */; };
		5AFD42A31E4BCF2000D15EAF /* Message.swift in Sources */ = {isa = PBXBuildFile; fileRef = 5AFD42A21E4BCF2000D15EAF /* Message.swift */; };
		8947E9B9CEE9336695CEDC86 /* Pods_UdaciansTests.framework in Frameworks */ = {isa = PBXBuildFile; fileRef = A52C36BF5ABFA3C60CC8A8FC /* Pods_UdaciansTests.framework */; };
		E66B077D5593A7C29E37A930 /* Pods_UdaciansUITests.framework in Frameworks */ = {isa = PBXBuildFile; fileRef = 7F11DB150579277D50885F4E /* Pods_UdaciansUITests.framework */; };
/* End PBXBuildFile section */

/* Begin PBXContainerItemProxy section */
		5A585C761DC2449B009647A0 /* PBXContainerItemProxy */ = {
			isa = PBXContainerItemProxy;
			containerPortal = 5A585C591DC2449A009647A0 /* Project object */;
			proxyType = 1;
			remoteGlobalIDString = 5A585C601DC2449A009647A0;
			remoteInfo = Udacians;
		};
		5A585C811DC2449B009647A0 /* PBXContainerItemProxy */ = {
			isa = PBXContainerItemProxy;
			containerPortal = 5A585C591DC2449A009647A0 /* Project object */;
			proxyType = 1;
			remoteGlobalIDString = 5A585C601DC2449A009647A0;
			remoteInfo = Udacians;
		};
/* End PBXContainerItemProxy section */

/* Begin PBXFileReference section */
		03ABD6AEE36CA7AB8BCF27D5 /* Pods-UdaciansUITests.release.xcconfig */ = {isa = PBXFileReference; includeInIndex = 1; lastKnownFileType = text.xcconfig; name = "Pods-UdaciansUITests.release.xcconfig"; path = "Pods/Target Support Files/Pods-UdaciansUITests/Pods-UdaciansUITests.release.xcconfig"; sourceTree = "<group>"; };
		5A051C941EC22D6E0007EFDC /* CommunityGuidelinesViewController.swift */ = {isa = PBXFileReference; fileEncoding = 4; lastKnownFileType = sourcecode.swift; path = CommunityGuidelinesViewController.swift; sourceTree = "<group>"; };
		5A059C2E1E56AD9800DF54BD /* ThreeTitleTableViewCell.swift */ = {isa = PBXFileReference; fileEncoding = 4; lastKnownFileType = sourcecode.swift; path = ThreeTitleTableViewCell.swift; sourceTree = "<group>"; };
		5A059C301E56B0B900DF54BD /* Article.swift */ = {isa = PBXFileReference; fileEncoding = 4; lastKnownFileType = sourcecode.swift; path = Article.swift; sourceTree = "<group>"; };
		5A17C5E71E78B28C004B759A /* MultipleInputViewController.swift */ = {isa = PBXFileReference; fileEncoding = 4; lastKnownFileType = sourcecode.swift; path = MultipleInputViewController.swift; sourceTree = "<group>"; };
		5A25CC161E74C9CB00152AAE /* UIViewController+Convenience.swift */ = {isa = PBXFileReference; fileEncoding = 4; lastKnownFileType = sourcecode.swift; path = "UIViewController+Convenience.swift"; sourceTree = "<group>"; };
		5A29A8101E60D9EF00171486 /* Utils.swift */ = {isa = PBXFileReference; fileEncoding = 4; lastKnownFileType = sourcecode.swift; path = Utils.swift; sourceTree = "<group>"; };
		5A3B88DF1E733BA2000FEC96 /* EventViewController.swift */ = {isa = PBXFileReference; fileEncoding = 4; lastKnownFileType = sourcecode.swift; path = EventViewController.swift; sourceTree = "<group>"; };
		5A4F82F21E4CCC520047869A /* WebImageCache.swift */ = {isa = PBXFileReference; fileEncoding = 4; lastKnownFileType = sourcecode.swift; path = WebImageCache.swift; sourceTree = "<group>"; };
		5A4F82F41E4D14520047869A /* PostWithImageTableViewCell.swift */ = {isa = PBXFileReference; fileEncoding = 4; lastKnownFileType = sourcecode.swift; path = PostWithImageTableViewCell.swift; sourceTree = "<group>"; };
		5A4FE8C11E4A444900896D79 /* FeedViewController.swift */ = {isa = PBXFileReference; fileEncoding = 4; lastKnownFileType = sourcecode.swift; path = FeedViewController.swift; sourceTree = "<group>"; };
		5A4FE8C31E4A445700896D79 /* SocialViewController.swift */ = {isa = PBXFileReference; fileEncoding = 4; lastKnownFileType = sourcecode.swift; path = SocialViewController.swift; sourceTree = "<group>"; };
		5A4FE8C51E4A447700896D79 /* CommunityViewController.swift */ = {isa = PBXFileReference; fileEncoding = 4; lastKnownFileType = sourcecode.swift; path = CommunityViewController.swift; sourceTree = "<group>"; };
		5A4FE8C71E4A448900896D79 /* UserViewController.swift */ = {isa = PBXFileReference; fileEncoding = 4; lastKnownFileType = sourcecode.swift; path = UserViewController.swift; sourceTree = "<group>"; };
		5A5581FA1E8810D5007338EC /* UIViewController+Extension.swift */ = {isa = PBXFileReference; fileEncoding = 4; lastKnownFileType = sourcecode.swift; path = "UIViewController+Extension.swift"; sourceTree = "<group>"; };
		5A585C611DC2449A009647A0 /* Udacians.app */ = {isa = PBXFileReference; explicitFileType = wrapper.application; includeInIndex = 0; path = Udacians.app; sourceTree = BUILT_PRODUCTS_DIR; };
		5A585C641DC2449B009647A0 /* AppDelegate.swift */ = {isa = PBXFileReference; lastKnownFileType = sourcecode.swift; path = AppDelegate.swift; sourceTree = "<group>"; };
		5A585C691DC2449B009647A0 /* Base */ = {isa = PBXFileReference; lastKnownFileType = file.storyboard; name = Base; path = Base.lproj/Main.storyboard; sourceTree = "<group>"; };
		5A585C6B1DC2449B009647A0 /* Assets.xcassets */ = {isa = PBXFileReference; lastKnownFileType = folder.assetcatalog; path = Assets.xcassets; sourceTree = "<group>"; };
		5A585C6E1DC2449B009647A0 /* Base */ = {isa = PBXFileReference; lastKnownFileType = file.storyboard; name = Base; path = Base.lproj/LaunchScreen.storyboard; sourceTree = "<group>"; };
		5A585C701DC2449B009647A0 /* Info.plist */ = {isa = PBXFileReference; lastKnownFileType = text.plist.xml; path = Info.plist; sourceTree = "<group>"; };
		5A585C751DC2449B009647A0 /* UdaciansTests.xctest */ = {isa = PBXFileReference; explicitFileType = wrapper.cfbundle; includeInIndex = 0; path = UdaciansTests.xctest; sourceTree = BUILT_PRODUCTS_DIR; };
		5A585C791DC2449B009647A0 /* UdaciansTests.swift */ = {isa = PBXFileReference; lastKnownFileType = sourcecode.swift; path = UdaciansTests.swift; sourceTree = "<group>"; };
		5A585C7B1DC2449B009647A0 /* Info.plist */ = {isa = PBXFileReference; lastKnownFileType = text.plist.xml; path = Info.plist; sourceTree = "<group>"; };
		5A585C801DC2449B009647A0 /* UdaciansUITests.xctest */ = {isa = PBXFileReference; explicitFileType = wrapper.cfbundle; includeInIndex = 0; path = UdaciansUITests.xctest; sourceTree = BUILT_PRODUCTS_DIR; };
		5A585C841DC2449B009647A0 /* UdaciansUITests.swift */ = {isa = PBXFileReference; lastKnownFileType = sourcecode.swift; path = UdaciansUITests.swift; sourceTree = "<group>"; };
		5A585C861DC2449B009647A0 /* Info.plist */ = {isa = PBXFileReference; lastKnownFileType = text.plist.xml; path = Info.plist; sourceTree = "<group>"; };
		5A585C971DC24766009647A0 /* GoogleService-Info.plist */ = {isa = PBXFileReference; fileEncoding = 4; lastKnownFileType = text.plist.xml; path = "GoogleService-Info.plist"; sourceTree = "<group>"; };
		5A695E751E7D8DF400E082D3 /* LoginViewController.swift */ = {isa = PBXFileReference; fileEncoding = 4; lastKnownFileType = sourcecode.swift; path = LoginViewController.swift; sourceTree = "<group>"; };
		5A6B45221EC11AD8002F6485 /* ReportAbuseViewController.swift */ = {isa = PBXFileReference; fileEncoding = 4; lastKnownFileType = sourcecode.swift; path = ReportAbuseViewController.swift; sourceTree = "<group>"; };
		5A6F13B11EA901A300F0946D /* KeychainOptions.swift */ = {isa = PBXFileReference; fileEncoding = 4; lastKnownFileType = sourcecode.swift; path = KeychainOptions.swift; sourceTree = "<group>"; };
		5A6F13B21EA901A300F0946D /* KeychainWrapper.swift */ = {isa = PBXFileReference; fileEncoding = 4; lastKnownFileType = sourcecode.swift; path = KeychainWrapper.swift; sourceTree = "<group>"; };
		5A76DF891E4A6B820032969E /* PostTableViewCell.swift */ = {isa = PBXFileReference; fileEncoding = 4; lastKnownFileType = sourcecode.swift; path = PostTableViewCell.swift; sourceTree = "<group>"; };
		5A7CC8D01E4EC280001CEF72 /* ChatTableViewCell.swift */ = {isa = PBXFileReference; fileEncoding = 4; lastKnownFileType = sourcecode.swift; path = ChatTableViewCell.swift; sourceTree = "<group>"; };
		5A8555C91DC51BFA00D8BF46 /* SwiftyJSON.swift */ = {isa = PBXFileReference; fileEncoding = 4; lastKnownFileType = sourcecode.swift; path = SwiftyJSON.swift; sourceTree = "<group>"; };
		5A8555CB1DC51CBA00D8BF46 /* UdacityClient.swift */ = {isa = PBXFileReference; fileEncoding = 4; lastKnownFileType = sourcecode.swift; path = UdacityClient.swift; sourceTree = "<group>"; };
		5A8F54BF1E52AF52000F2B2C /* MessageViewController.swift */ = {isa = PBXFileReference; fileEncoding = 4; lastKnownFileType = sourcecode.swift; path = MessageViewController.swift; sourceTree = "<group>"; };
		5AB6C3101E4FAF030033301F /* ConnectionTableViewCell.swift */ = {isa = PBXFileReference; fileEncoding = 4; lastKnownFileType = sourcecode.swift; path = ConnectionTableViewCell.swift; sourceTree = "<group>"; };
		5ADCF38E1E6A56D200C4F313 /* ProfileLinkCollectionViewCell.swift */ = {isa = PBXFileReference; fileEncoding = 4; lastKnownFileType = sourcecode.swift; path = ProfileLinkCollectionViewCell.swift; sourceTree = "<group>"; };
		5ADCF3901E6A5AFE00C4F313 /* PostFeedTableViewDataSource.swift */ = {isa = PBXFileReference; fileEncoding = 4; lastKnownFileType = sourcecode.swift; path = PostFeedTableViewDataSource.swift; sourceTree = "<group>"; };
		5AE1EED91E09B22D00731775 /* MainViewController.swift */ = {isa = PBXFileReference; fileEncoding = 4; lastKnownFileType = sourcecode.swift; path = MainViewController.swift; sourceTree = "<group>"; };
		5AE1EEDB1E09B52800731775 /* MapViewController.swift */ = {isa = PBXFileReference; fileEncoding = 4; lastKnownFileType = sourcecode.swift; path = MapViewController.swift; sourceTree = "<group>"; };
		5AE1EEDD1E09B72800731775 /* Udacians.xcworkspace */ = {isa = PBXFileReference; lastKnownFileType = wrapper.workspace; path = Udacians.xcworkspace; sourceTree = "<group>"; };
		5AE9CAB01E6CA9D700E1E279 /* EditProfileViewController.swift */ = {isa = PBXFileReference; fileEncoding = 4; lastKnownFileType = sourcecode.swift; path = EditProfileViewController.swift; sourceTree = "<group>"; };
		5AE9CAB21E6D109000E1E279 /* WritePostViewController.swift */ = {isa = PBXFileReference; fileEncoding = 4; lastKnownFileType = sourcecode.swift; path = WritePostViewController.swift; sourceTree = "<group>"; };
		5AFD42A21E4BCF2000D15EAF /* Message.swift */ = {isa = PBXFileReference; fileEncoding = 4; lastKnownFileType = sourcecode.swift; path = Message.swift; sourceTree = "<group>"; };
		65C96328D892443BC50FA6AC /* Pods-UdaciansTests.debug.xcconfig */ = {isa = PBXFileReference; includeInIndex = 1; lastKnownFileType = text.xcconfig; name = "Pods-UdaciansTests.debug.xcconfig"; path = "Pods/Target Support Files/Pods-UdaciansTests/Pods-UdaciansTests.debug.xcconfig"; sourceTree = "<group>"; };
		7F11DB150579277D50885F4E /* Pods_UdaciansUITests.framework */ = {isa = PBXFileReference; explicitFileType = wrapper.framework; includeInIndex = 0; path = Pods_UdaciansUITests.framework; sourceTree = BUILT_PRODUCTS_DIR; };
		855C340DD5C2F0EFD58C9577 /* Pods_Udacians.framework */ = {isa = PBXFileReference; explicitFileType = wrapper.framework; includeInIndex = 0; path = Pods_Udacians.framework; sourceTree = BUILT_PRODUCTS_DIR; };
		879F70E92E6DF9E41D385372 /* Pods-Udacians.release.xcconfig */ = {isa = PBXFileReference; includeInIndex = 1; lastKnownFileType = text.xcconfig; name = "Pods-Udacians.release.xcconfig"; path = "Pods/Target Support Files/Pods-Udacians/Pods-Udacians.release.xcconfig"; sourceTree = "<group>"; };
		88003A6AB517A665AD787A09 /* Pods-UdaciansTests.release.xcconfig */ = {isa = PBXFileReference; includeInIndex = 1; lastKnownFileType = text.xcconfig; name = "Pods-UdaciansTests.release.xcconfig"; path = "Pods/Target Support Files/Pods-UdaciansTests/Pods-UdaciansTests.release.xcconfig"; sourceTree = "<group>"; };
		A52C36BF5ABFA3C60CC8A8FC /* Pods_UdaciansTests.framework */ = {isa = PBXFileReference; explicitFileType = wrapper.framework; includeInIndex = 0; path = Pods_UdaciansTests.framework; sourceTree = BUILT_PRODUCTS_DIR; };
		B3A72EF7449C3866F4DDB139 /* Pods-UdaciansUITests.debug.xcconfig */ = {isa = PBXFileReference; includeInIndex = 1; lastKnownFileType = text.xcconfig; name = "Pods-UdaciansUITests.debug.xcconfig"; path = "Pods/Target Support Files/Pods-UdaciansUITests/Pods-UdaciansUITests.debug.xcconfig"; sourceTree = "<group>"; };
		E8261D9B965FCE2433F52D60 /* Pods-Udacians.debug.xcconfig */ = {isa = PBXFileReference; includeInIndex = 1; lastKnownFileType = text.xcconfig; name = "Pods-Udacians.debug.xcconfig"; path = "Pods/Target Support Files/Pods-Udacians/Pods-Udacians.debug.xcconfig"; sourceTree = "<group>"; };
/* End PBXFileReference section */

/* Begin PBXFrameworksBuildPhase section */
		5A585C5E1DC2449A009647A0 /* Frameworks */ = {
			isa = PBXFrameworksBuildPhase;
			buildActionMask = 2147483647;
			files = (
				1D00035168E6A2D0D0F0A899 /* Pods_Udacians.framework in Frameworks */,
			);
			runOnlyForDeploymentPostprocessing = 0;
		};
		5A585C721DC2449B009647A0 /* Frameworks */ = {
			isa = PBXFrameworksBuildPhase;
			buildActionMask = 2147483647;
			files = (
				8947E9B9CEE9336695CEDC86 /* Pods_UdaciansTests.framework in Frameworks */,
			);
			runOnlyForDeploymentPostprocessing = 0;
		};
		5A585C7D1DC2449B009647A0 /* Frameworks */ = {
			isa = PBXFrameworksBuildPhase;
			buildActionMask = 2147483647;
			files = (
				E66B077D5593A7C29E37A930 /* Pods_UdaciansUITests.framework in Frameworks */,
			);
			runOnlyForDeploymentPostprocessing = 0;
		};
/* End PBXFrameworksBuildPhase section */

/* Begin PBXGroup section */
		104B75EB7A185680B5575015 /* Frameworks */ = {
			isa = PBXGroup;
			children = (
				5AE1EEDD1E09B72800731775 /* Udacians.xcworkspace */,
				855C340DD5C2F0EFD58C9577 /* Pods_Udacians.framework */,
				A52C36BF5ABFA3C60CC8A8FC /* Pods_UdaciansTests.framework */,
				7F11DB150579277D50885F4E /* Pods_UdaciansUITests.framework */,
			);
			name = Frameworks;
			sourceTree = "<group>";
		};
		5A3291271E8EE4D200DC0F8D /* Model */ = {
			isa = PBXGroup;
			children = (
				5A32912E1E8EE63500DC0F8D /* Web */,
				5A32912D1E8EE62500DC0F8D /* Data */,
			);
			name = Model;
			sourceTree = "<group>";
		};
		5A3291281E8EE4DA00DC0F8D /* View */ = {
			isa = PBXGroup;
			children = (
				5A76DF891E4A6B820032969E /* PostTableViewCell.swift */,
				5A4F82F41E4D14520047869A /* PostWithImageTableViewCell.swift */,
				5AB6C3101E4FAF030033301F /* ConnectionTableViewCell.swift */,
				5A7CC8D01E4EC280001CEF72 /* ChatTableViewCell.swift */,
				5A059C2E1E56AD9800DF54BD /* ThreeTitleTableViewCell.swift */,
				5ADCF38E1E6A56D200C4F313 /* ProfileLinkCollectionViewCell.swift */,
			);
			name = View;
			sourceTree = "<group>";
		};
		5A3291291E8EE4E700DC0F8D /* Controller */ = {
			isa = PBXGroup;
			children = (
				5A25CC161E74C9CB00152AAE /* UIViewController+Convenience.swift */,
				5A8F54BF1E52AF52000F2B2C /* MessageViewController.swift */,
				5A4FE8C31E4A445700896D79 /* SocialViewController.swift */,
				5A4FE8C51E4A447700896D79 /* CommunityViewController.swift */,
				5A4FE8C71E4A448900896D79 /* UserViewController.swift */,
				5AE9CAB21E6D109000E1E279 /* WritePostViewController.swift */,
				5AE9CAB01E6CA9D700E1E279 /* EditProfileViewController.swift */,
				5A3B88DF1E733BA2000FEC96 /* EventViewController.swift */,
				5AE1EEDB1E09B52800731775 /* MapViewController.swift */,
				5A17C5E71E78B28C004B759A /* MultipleInputViewController.swift */,
				5AE1EED91E09B22D00731775 /* MainViewController.swift */,
				5A4FE8C11E4A444900896D79 /* FeedViewController.swift */,
				5A695E751E7D8DF400E082D3 /* LoginViewController.swift */,
				5A5581FA1E8810D5007338EC /* UIViewController+Extension.swift */,
				5A6B45221EC11AD8002F6485 /* ReportAbuseViewController.swift */,
				5A051C941EC22D6E0007EFDC /* CommunityGuidelinesViewController.swift */,
				5A32912A1E8EE53200DC0F8D /* Data Services */,
			);
			name = Controller;
			sourceTree = "<group>";
		};
		5A32912A1E8EE53200DC0F8D /* Data Services */ = {
			isa = PBXGroup;
			children = (
				5ADCF3901E6A5AFE00C4F313 /* PostFeedTableViewDataSource.swift */,
			);
			name = "Data Services";
			sourceTree = "<group>";
		};
		5A32912B1E8EE5B300DC0F8D /* Resources */ = {
			isa = PBXGroup;
			children = (
				5A585C681DC2449B009647A0 /* Main.storyboard */,
				5A585C6B1DC2449B009647A0 /* Assets.xcassets */,
				5A585C6D1DC2449B009647A0 /* LaunchScreen.storyboard */,
				5A585C701DC2449B009647A0 /* Info.plist */,
				5A585C971DC24766009647A0 /* GoogleService-Info.plist */,
			);
			name = Resources;
			sourceTree = "<group>";
		};
		5A32912C1E8EE5BE00DC0F8D /* Utility */ = {
			isa = PBXGroup;
			children = (
				5A6F13B11EA901A300F0946D /* KeychainOptions.swift */,
				5A6F13B21EA901A300F0946D /* KeychainWrapper.swift */,
				5A29A8101E60D9EF00171486 /* Utils.swift */,
			);
			name = Utility;
			sourceTree = "<group>";
		};
		5A32912D1E8EE62500DC0F8D /* Data */ = {
			isa = PBXGroup;
			children = (
				5AFD42A21E4BCF2000D15EAF /* Message.swift */,
				5A059C301E56B0B900DF54BD /* Article.swift */,
			);
			name = Data;
			sourceTree = "<group>";
		};
		5A32912E1E8EE63500DC0F8D /* Web */ = {
			isa = PBXGroup;
			children = (
				5A8555CB1DC51CBA00D8BF46 /* UdacityClient.swift */,
				5A8555C91DC51BFA00D8BF46 /* SwiftyJSON.swift */,
				5A4F82F21E4CCC520047869A /* WebImageCache.swift */,
			);
			name = Web;
			sourceTree = "<group>";
		};
		5A585C581DC2449A009647A0 = {
			isa = PBXGroup;
			children = (
				5A585C631DC2449A009647A0 /* Udacians */,
				5A585C781DC2449B009647A0 /* UdaciansTests */,
				5A585C831DC2449B009647A0 /* UdaciansUITests */,
				5A585C621DC2449A009647A0 /* Products */,
				5ED4FF15A6296C945C448C89 /* Pods */,
				104B75EB7A185680B5575015 /* Frameworks */,
			);
			sourceTree = "<group>";
		};
		5A585C621DC2449A009647A0 /* Products */ = {
			isa = PBXGroup;
			children = (
				5A585C611DC2449A009647A0 /* Udacians.app */,
				5A585C751DC2449B009647A0 /* UdaciansTests.xctest */,
				5A585C801DC2449B009647A0 /* UdaciansUITests.xctest */,
			);
			name = Products;
			sourceTree = "<group>";
		};
		5A585C631DC2449A009647A0 /* Udacians */ = {
			isa = PBXGroup;
			children = (
				5A3291281E8EE4DA00DC0F8D /* View */,
				5A3291271E8EE4D200DC0F8D /* Model */,
				5A3291291E8EE4E700DC0F8D /* Controller */,
				5A32912C1E8EE5BE00DC0F8D /* Utility */,
				5A32912B1E8EE5B300DC0F8D /* Resources */,
				5A585C641DC2449B009647A0 /* AppDelegate.swift */,
			);
			path = Udacians;
			sourceTree = "<group>";
		};
		5A585C781DC2449B009647A0 /* UdaciansTests */ = {
			isa = PBXGroup;
			children = (
				5A585C791DC2449B009647A0 /* UdaciansTests.swift */,
				5A585C7B1DC2449B009647A0 /* Info.plist */,
			);
			path = UdaciansTests;
			sourceTree = "<group>";
		};
		5A585C831DC2449B009647A0 /* UdaciansUITests */ = {
			isa = PBXGroup;
			children = (
				5A585C841DC2449B009647A0 /* UdaciansUITests.swift */,
				5A585C861DC2449B009647A0 /* Info.plist */,
			);
			path = UdaciansUITests;
			sourceTree = "<group>";
		};
		5ED4FF15A6296C945C448C89 /* Pods */ = {
			isa = PBXGroup;
			children = (
				E8261D9B965FCE2433F52D60 /* Pods-Udacians.debug.xcconfig */,
				879F70E92E6DF9E41D385372 /* Pods-Udacians.release.xcconfig */,
				65C96328D892443BC50FA6AC /* Pods-UdaciansTests.debug.xcconfig */,
				88003A6AB517A665AD787A09 /* Pods-UdaciansTests.release.xcconfig */,
				B3A72EF7449C3866F4DDB139 /* Pods-UdaciansUITests.debug.xcconfig */,
				03ABD6AEE36CA7AB8BCF27D5 /* Pods-UdaciansUITests.release.xcconfig */,
			);
			name = Pods;
			sourceTree = "<group>";
		};
/* End PBXGroup section */

/* Begin PBXNativeTarget section */
		5A585C601DC2449A009647A0 /* Udacians */ = {
			isa = PBXNativeTarget;
			buildConfigurationList = 5A585C891DC2449B009647A0 /* Build configuration list for PBXNativeTarget "Udacians" */;
			buildPhases = (
				D2795E9AF3307301AC17AB21 /* [CP] Check Pods Manifest.lock */,
				5A585C5D1DC2449A009647A0 /* Sources */,
				5A585C5E1DC2449A009647A0 /* Frameworks */,
				5A585C5F1DC2449A009647A0 /* Resources */,
				784B7E18741A9EC467D8B8F0 /* [CP] Embed Pods Frameworks */,
				0B444EA4047EAE51FDB4795C /* [CP] Copy Pods Resources */,
			);
			buildRules = (
			);
			dependencies = (
			);
			name = Udacians;
			productName = Udacians;
			productReference = 5A585C611DC2449A009647A0 /* Udacians.app */;
			productType = "com.apple.product-type.application";
		};
		5A585C741DC2449B009647A0 /* UdaciansTests */ = {
			isa = PBXNativeTarget;
			buildConfigurationList = 5A585C8C1DC2449B009647A0 /* Build configuration list for PBXNativeTarget "UdaciansTests" */;
			buildPhases = (
				7E74C5369865A728AC589844 /* [CP] Check Pods Manifest.lock */,
				5A585C711DC2449B009647A0 /* Sources */,
				5A585C721DC2449B009647A0 /* Frameworks */,
				5A585C731DC2449B009647A0 /* Resources */,
				90A7E2E7479E113375D9AB4B /* [CP] Embed Pods Frameworks */,
				A75A4AA842C818ED69A18C68 /* [CP] Copy Pods Resources */,
			);
			buildRules = (
			);
			dependencies = (
				5A585C771DC2449B009647A0 /* PBXTargetDependency */,
			);
			name = UdaciansTests;
			productName = UdaciansTests;
			productReference = 5A585C751DC2449B009647A0 /* UdaciansTests.xctest */;
			productType = "com.apple.product-type.bundle.unit-test";
		};
		5A585C7F1DC2449B009647A0 /* UdaciansUITests */ = {
			isa = PBXNativeTarget;
			buildConfigurationList = 5A585C8F1DC2449B009647A0 /* Build configuration list for PBXNativeTarget "UdaciansUITests" */;
			buildPhases = (
				42A528C7B3DF90FF2E866A22 /* [CP] Check Pods Manifest.lock */,
				5A585C7C1DC2449B009647A0 /* Sources */,
				5A585C7D1DC2449B009647A0 /* Frameworks */,
				5A585C7E1DC2449B009647A0 /* Resources */,
				59D7EFAF13CF003614333C4B /* [CP] Copy Pods Resources */,
			);
			buildRules = (
			);
			dependencies = (
				5A585C821DC2449B009647A0 /* PBXTargetDependency */,
			);
			name = UdaciansUITests;
			productName = UdaciansUITests;
			productReference = 5A585C801DC2449B009647A0 /* UdaciansUITests.xctest */;
			productType = "com.apple.product-type.bundle.ui-testing";
		};
/* End PBXNativeTarget section */

/* Begin PBXProject section */
		5A585C591DC2449A009647A0 /* Project object */ = {
			isa = PBXProject;
			attributes = {
				LastSwiftUpdateCheck = 0800;
				LastUpgradeCheck = 0800;
				ORGANIZATIONNAME = "Owen LaRosa";
				TargetAttributes = {
					5A585C601DC2449A009647A0 = {
						CreatedOnToolsVersion = 8.0;
						DevelopmentTeam = V5C4GVWJRU;
						LastSwiftMigration = 0820;
						ProvisioningStyle = Automatic;
					};
					5A585C741DC2449B009647A0 = {
						CreatedOnToolsVersion = 8.0;
						DevelopmentTeam = V5C4GVWJRU;
						ProvisioningStyle = Automatic;
						TestTargetID = 5A585C601DC2449A009647A0;
					};
					5A585C7F1DC2449B009647A0 = {
						CreatedOnToolsVersion = 8.0;
						DevelopmentTeam = V5C4GVWJRU;
						ProvisioningStyle = Automatic;
						TestTargetID = 5A585C601DC2449A009647A0;
					};
				};
			};
			buildConfigurationList = 5A585C5C1DC2449A009647A0 /* Build configuration list for PBXProject "Udacians" */;
			compatibilityVersion = "Xcode 3.2";
			developmentRegion = English;
			hasScannedForEncodings = 0;
			knownRegions = (
				en,
				Base,
			);
			mainGroup = 5A585C581DC2449A009647A0;
			productRefGroup = 5A585C621DC2449A009647A0 /* Products */;
			projectDirPath = "";
			projectRoot = "";
			targets = (
				5A585C601DC2449A009647A0 /* Udacians */,
				5A585C741DC2449B009647A0 /* UdaciansTests */,
				5A585C7F1DC2449B009647A0 /* UdaciansUITests */,
			);
		};
/* End PBXProject section */

/* Begin PBXResourcesBuildPhase section */
		5A585C5F1DC2449A009647A0 /* Resources */ = {
			isa = PBXResourcesBuildPhase;
			buildActionMask = 2147483647;
			files = (
				5A585C6F1DC2449B009647A0 /* LaunchScreen.storyboard in Resources */,
				5A585C6C1DC2449B009647A0 /* Assets.xcassets in Resources */,
				5A585C981DC24766009647A0 /* GoogleService-Info.plist in Resources */,
				5A585C6A1DC2449B009647A0 /* Main.storyboard in Resources */,
			);
			runOnlyForDeploymentPostprocessing = 0;
		};
		5A585C731DC2449B009647A0 /* Resources */ = {
			isa = PBXResourcesBuildPhase;
			buildActionMask = 2147483647;
			files = (
			);
			runOnlyForDeploymentPostprocessing = 0;
		};
		5A585C7E1DC2449B009647A0 /* Resources */ = {
			isa = PBXResourcesBuildPhase;
			buildActionMask = 2147483647;
			files = (
			);
			runOnlyForDeploymentPostprocessing = 0;
		};
/* End PBXResourcesBuildPhase section */

/* Begin PBXShellScriptBuildPhase section */
		0B444EA4047EAE51FDB4795C /* [CP] Copy Pods Resources */ = {
			isa = PBXShellScriptBuildPhase;
			buildActionMask = 2147483647;
			files = (
			);
			inputPaths = (
			);
			name = "[CP] Copy Pods Resources";
			outputPaths = (
			);
			runOnlyForDeploymentPostprocessing = 0;
			shellPath = /bin/sh;
			shellScript = "\"${SRCROOT}/Pods/Target Support Files/Pods-Udacians/Pods-Udacians-resources.sh\"\n";
			showEnvVarsInLog = 0;
		};
		42A528C7B3DF90FF2E866A22 /* [CP] Check Pods Manifest.lock */ = {
			isa = PBXShellScriptBuildPhase;
			buildActionMask = 2147483647;
			files = (
			);
			inputPaths = (
			);
			name = "[CP] Check Pods Manifest.lock";
			outputPaths = (
			);
			runOnlyForDeploymentPostprocessing = 0;
			shellPath = /bin/sh;
			shellScript = "diff \"${PODS_ROOT}/../Podfile.lock\" \"${PODS_ROOT}/Manifest.lock\" > /dev/null\nif [[ $? != 0 ]] ; then\n    cat << EOM\nerror: The sandbox is not in sync with the Podfile.lock. Run 'pod install' or update your CocoaPods installation.\nEOM\n    exit 1\nfi\n";
			showEnvVarsInLog = 0;
		};
		59D7EFAF13CF003614333C4B /* [CP] Copy Pods Resources */ = {
			isa = PBXShellScriptBuildPhase;
			buildActionMask = 2147483647;
			files = (
			);
			inputPaths = (
			);
			name = "[CP] Copy Pods Resources";
			outputPaths = (
			);
			runOnlyForDeploymentPostprocessing = 0;
			shellPath = /bin/sh;
			shellScript = "\"${SRCROOT}/Pods/Target Support Files/Pods-UdaciansUITests/Pods-UdaciansUITests-resources.sh\"\n";
			showEnvVarsInLog = 0;
		};
		784B7E18741A9EC467D8B8F0 /* [CP] Embed Pods Frameworks */ = {
			isa = PBXShellScriptBuildPhase;
			buildActionMask = 2147483647;
			files = (
			);
			inputPaths = (
			);
			name = "[CP] Embed Pods Frameworks";
			outputPaths = (
			);
			runOnlyForDeploymentPostprocessing = 0;
			shellPath = /bin/sh;
			shellScript = "\"${SRCROOT}/Pods/Target Support Files/Pods-Udacians/Pods-Udacians-frameworks.sh\"\n";
			showEnvVarsInLog = 0;
		};
		7E74C5369865A728AC589844 /* [CP] Check Pods Manifest.lock */ = {
			isa = PBXShellScriptBuildPhase;
			buildActionMask = 2147483647;
			files = (
			);
			inputPaths = (
			);
			name = "[CP] Check Pods Manifest.lock";
			outputPaths = (
			);
			runOnlyForDeploymentPostprocessing = 0;
			shellPath = /bin/sh;
			shellScript = "diff \"${PODS_ROOT}/../Podfile.lock\" \"${PODS_ROOT}/Manifest.lock\" > /dev/null\nif [[ $? != 0 ]] ; then\n    cat << EOM\nerror: The sandbox is not in sync with the Podfile.lock. Run 'pod install' or update your CocoaPods installation.\nEOM\n    exit 1\nfi\n";
			showEnvVarsInLog = 0;
		};
		90A7E2E7479E113375D9AB4B /* [CP] Embed Pods Frameworks */ = {
			isa = PBXShellScriptBuildPhase;
			buildActionMask = 2147483647;
			files = (
			);
			inputPaths = (
			);
			name = "[CP] Embed Pods Frameworks";
			outputPaths = (
			);
			runOnlyForDeploymentPostprocessing = 0;
			shellPath = /bin/sh;
			shellScript = "\"${SRCROOT}/Pods/Target Support Files/Pods-UdaciansTests/Pods-UdaciansTests-frameworks.sh\"\n";
			showEnvVarsInLog = 0;
		};
		A75A4AA842C818ED69A18C68 /* [CP] Copy Pods Resources */ = {
			isa = PBXShellScriptBuildPhase;
			buildActionMask = 2147483647;
			files = (
			);
			inputPaths = (
			);
			name = "[CP] Copy Pods Resources";
			outputPaths = (
			);
			runOnlyForDeploymentPostprocessing = 0;
			shellPath = /bin/sh;
			shellScript = "\"${SRCROOT}/Pods/Target Support Files/Pods-UdaciansTests/Pods-UdaciansTests-resources.sh\"\n";
			showEnvVarsInLog = 0;
		};
		D2795E9AF3307301AC17AB21 /* [CP] Check Pods Manifest.lock */ = {
			isa = PBXShellScriptBuildPhase;
			buildActionMask = 2147483647;
			files = (
			);
			inputPaths = (
			);
			name = "[CP] Check Pods Manifest.lock";
			outputPaths = (
			);
			runOnlyForDeploymentPostprocessing = 0;
			shellPath = /bin/sh;
			shellScript = "diff \"${PODS_ROOT}/../Podfile.lock\" \"${PODS_ROOT}/Manifest.lock\" > /dev/null\nif [[ $? != 0 ]] ; then\n    cat << EOM\nerror: The sandbox is not in sync with the Podfile.lock. Run 'pod install' or update your CocoaPods installation.\nEOM\n    exit 1\nfi\n";
			showEnvVarsInLog = 0;
		};
/* End PBXShellScriptBuildPhase section */

/* Begin PBXSourcesBuildPhase section */
		5A585C5D1DC2449A009647A0 /* Sources */ = {
			isa = PBXSourcesBuildPhase;
			buildActionMask = 2147483647;
			files = (
				5A6B45231EC11AD8002F6485 /* ReportAbuseViewController.swift in Sources */,
				5A5581FB1E8810D5007338EC /* UIViewController+Extension.swift in Sources */,
				5AE9CAB11E6CA9D700E1E279 /* EditProfileViewController.swift in Sources */,
				5A059C311E56B0B900DF54BD /* Article.swift in Sources */,
				5A4FE8C81E4A448900896D79 /* UserViewController.swift in Sources */,
				5A8555CC1DC51CBA00D8BF46 /* UdacityClient.swift in Sources */,
				5A059C2F1E56AD9800DF54BD /* ThreeTitleTableViewCell.swift in Sources */,
				5A17C5E81E78B28C004B759A /* MultipleInputViewController.swift in Sources */,
				5ADCF3911E6A5AFE00C4F313 /* PostFeedTableViewDataSource.swift in Sources */,
				5ADCF38F1E6A56D200C4F313 /* ProfileLinkCollectionViewCell.swift in Sources */,
				5A6F13B41EA901A300F0946D /* KeychainWrapper.swift in Sources */,
				5AB6C3111E4FAF030033301F /* ConnectionTableViewCell.swift in Sources */,
				5A4F82F31E4CCC520047869A /* WebImageCache.swift in Sources */,
				5A3B88E01E733BA2000FEC96 /* EventViewController.swift in Sources */,
				5A7CC8D11E4EC280001CEF72 /* ChatTableViewCell.swift in Sources */,
				5A051C951EC22D6E0007EFDC /* CommunityGuidelinesViewController.swift in Sources */,
				5A8555CA1DC51BFA00D8BF46 /* SwiftyJSON.swift in Sources */,
				5A695E761E7D8DF400E082D3 /* LoginViewController.swift in Sources */,
				5A4FE8C21E4A444900896D79 /* FeedViewController.swift in Sources */,
				5AE1EEDC1E09B52800731775 /* MapViewController.swift in Sources */,
				5AE9CAB31E6D109000E1E279 /* WritePostViewController.swift in Sources */,
				5A585C651DC2449B009647A0 /* AppDelegate.swift in Sources */,
				5A4F82F51E4D14520047869A /* PostWithImageTableViewCell.swift in Sources */,
				5A76DF8A1E4A6B820032969E /* PostTableViewCell.swift in Sources */,
				5A8F54C01E52AF52000F2B2C /* MessageViewController.swift in Sources */,
				5A4FE8C61E4A447700896D79 /* CommunityViewController.swift in Sources */,
				5AFD42A31E4BCF2000D15EAF /* Message.swift in Sources */,
				5AE1EEDA1E09B22D00731775 /* MainViewController.swift in Sources */,
				5A25CC171E74C9CB00152AAE /* UIViewController+Convenience.swift in Sources */,
				5A29A8111E60D9EF00171486 /* Utils.swift in Sources */,
				5A4FE8C41E4A445700896D79 /* SocialViewController.swift in Sources */,
				5A6F13B31EA901A300F0946D /* KeychainOptions.swift in Sources */,
			);
			runOnlyForDeploymentPostprocessing = 0;
		};
		5A585C711DC2449B009647A0 /* Sources */ = {
			isa = PBXSourcesBuildPhase;
			buildActionMask = 2147483647;
			files = (
				5A585C7A1DC2449B009647A0 /* UdaciansTests.swift in Sources */,
			);
			runOnlyForDeploymentPostprocessing = 0;
		};
		5A585C7C1DC2449B009647A0 /* Sources */ = {
			isa = PBXSourcesBuildPhase;
			buildActionMask = 2147483647;
			files = (
				5A585C851DC2449B009647A0 /* UdaciansUITests.swift in Sources */,
			);
			runOnlyForDeploymentPostprocessing = 0;
		};
/* End PBXSourcesBuildPhase section */

/* Begin PBXTargetDependency section */
		5A585C771DC2449B009647A0 /* PBXTargetDependency */ = {
			isa = PBXTargetDependency;
			target = 5A585C601DC2449A009647A0 /* Udacians */;
			targetProxy = 5A585C761DC2449B009647A0 /* PBXContainerItemProxy */;
		};
		5A585C821DC2449B009647A0 /* PBXTargetDependency */ = {
			isa = PBXTargetDependency;
			target = 5A585C601DC2449A009647A0 /* Udacians */;
			targetProxy = 5A585C811DC2449B009647A0 /* PBXContainerItemProxy */;
		};
/* End PBXTargetDependency section */

/* Begin PBXVariantGroup section */
		5A585C681DC2449B009647A0 /* Main.storyboard */ = {
			isa = PBXVariantGroup;
			children = (
				5A585C691DC2449B009647A0 /* Base */,
			);
			name = Main.storyboard;
			sourceTree = "<group>";
		};
		5A585C6D1DC2449B009647A0 /* LaunchScreen.storyboard */ = {
			isa = PBXVariantGroup;
			children = (
				5A585C6E1DC2449B009647A0 /* Base */,
			);
			name = LaunchScreen.storyboard;
			sourceTree = "<group>";
		};
/* End PBXVariantGroup section */

/* Begin XCBuildConfiguration section */
		5A585C871DC2449B009647A0 /* Debug */ = {
			isa = XCBuildConfiguration;
			buildSettings = {
				ALWAYS_SEARCH_USER_PATHS = NO;
				CLANG_ANALYZER_NONNULL = YES;
				CLANG_CXX_LANGUAGE_STANDARD = "gnu++0x";
				CLANG_CXX_LIBRARY = "libc++";
				CLANG_ENABLE_MODULES = YES;
				CLANG_ENABLE_OBJC_ARC = YES;
				CLANG_WARN_BOOL_CONVERSION = YES;
				CLANG_WARN_CONSTANT_CONVERSION = YES;
				CLANG_WARN_DIRECT_OBJC_ISA_USAGE = YES_ERROR;
				CLANG_WARN_DOCUMENTATION_COMMENTS = YES;
				CLANG_WARN_EMPTY_BODY = YES;
				CLANG_WARN_ENUM_CONVERSION = YES;
				CLANG_WARN_INFINITE_RECURSION = YES;
				CLANG_WARN_INT_CONVERSION = YES;
				CLANG_WARN_OBJC_ROOT_CLASS = YES_ERROR;
				CLANG_WARN_SUSPICIOUS_MOVES = YES;
				CLANG_WARN_UNREACHABLE_CODE = YES;
				CLANG_WARN__DUPLICATE_METHOD_MATCH = YES;
				"CODE_SIGN_IDENTITY[sdk=iphoneos*]" = "iPhone Developer";
				COPY_PHASE_STRIP = NO;
				DEBUG_INFORMATION_FORMAT = dwarf;
				ENABLE_STRICT_OBJC_MSGSEND = YES;
				ENABLE_TESTABILITY = YES;
				GCC_C_LANGUAGE_STANDARD = gnu99;
				GCC_DYNAMIC_NO_PIC = NO;
				GCC_NO_COMMON_BLOCKS = YES;
				GCC_OPTIMIZATION_LEVEL = 0;
				GCC_PREPROCESSOR_DEFINITIONS = (
					"DEBUG=1",
					"$(inherited)",
				);
				GCC_WARN_64_TO_32_BIT_CONVERSION = YES;
				GCC_WARN_ABOUT_RETURN_TYPE = YES_ERROR;
				GCC_WARN_UNDECLARED_SELECTOR = YES;
				GCC_WARN_UNINITIALIZED_AUTOS = YES_AGGRESSIVE;
				GCC_WARN_UNUSED_FUNCTION = YES;
				GCC_WARN_UNUSED_VARIABLE = YES;
				IPHONEOS_DEPLOYMENT_TARGET = 10.0;
				MTL_ENABLE_DEBUG_INFO = YES;
				ONLY_ACTIVE_ARCH = YES;
				SDKROOT = iphoneos;
				SWIFT_ACTIVE_COMPILATION_CONDITIONS = DEBUG;
				SWIFT_OPTIMIZATION_LEVEL = "-Onone";
			};
			name = Debug;
		};
		5A585C881DC2449B009647A0 /* Release */ = {
			isa = XCBuildConfiguration;
			buildSettings = {
				ALWAYS_SEARCH_USER_PATHS = NO;
				CLANG_ANALYZER_NONNULL = YES;
				CLANG_CXX_LANGUAGE_STANDARD = "gnu++0x";
				CLANG_CXX_LIBRARY = "libc++";
				CLANG_ENABLE_MODULES = YES;
				CLANG_ENABLE_OBJC_ARC = YES;
				CLANG_WARN_BOOL_CONVERSION = YES;
				CLANG_WARN_CONSTANT_CONVERSION = YES;
				CLANG_WARN_DIRECT_OBJC_ISA_USAGE = YES_ERROR;
				CLANG_WARN_DOCUMENTATION_COMMENTS = YES;
				CLANG_WARN_EMPTY_BODY = YES;
				CLANG_WARN_ENUM_CONVERSION = YES;
				CLANG_WARN_INFINITE_RECURSION = YES;
				CLANG_WARN_INT_CONVERSION = YES;
				CLANG_WARN_OBJC_ROOT_CLASS = YES_ERROR;
				CLANG_WARN_SUSPICIOUS_MOVES = YES;
				CLANG_WARN_UNREACHABLE_CODE = YES;
				CLANG_WARN__DUPLICATE_METHOD_MATCH = YES;
				"CODE_SIGN_IDENTITY[sdk=iphoneos*]" = "iPhone Developer";
				COPY_PHASE_STRIP = NO;
				DEBUG_INFORMATION_FORMAT = "dwarf-with-dsym";
				ENABLE_NS_ASSERTIONS = NO;
				ENABLE_STRICT_OBJC_MSGSEND = YES;
				GCC_C_LANGUAGE_STANDARD = gnu99;
				GCC_NO_COMMON_BLOCKS = YES;
				GCC_WARN_64_TO_32_BIT_CONVERSION = YES;
				GCC_WARN_ABOUT_RETURN_TYPE = YES_ERROR;
				GCC_WARN_UNDECLARED_SELECTOR = YES;
				GCC_WARN_UNINITIALIZED_AUTOS = YES_AGGRESSIVE;
				GCC_WARN_UNUSED_FUNCTION = YES;
				GCC_WARN_UNUSED_VARIABLE = YES;
				IPHONEOS_DEPLOYMENT_TARGET = 10.0;
				MTL_ENABLE_DEBUG_INFO = NO;
				SDKROOT = iphoneos;
				SWIFT_OPTIMIZATION_LEVEL = "-Owholemodule";
				VALIDATE_PRODUCT = YES;
			};
			name = Release;
		};
		5A585C8A1DC2449B009647A0 /* Debug */ = {
			isa = XCBuildConfiguration;
			baseConfigurationReference = E8261D9B965FCE2433F52D60 /* Pods-Udacians.debug.xcconfig */;
			buildSettings = {
				ASSETCATALOG_COMPILER_APPICON_NAME = AppIcon;
				CLANG_ENABLE_MODULES = YES;
				DEVELOPMENT_TEAM = V5C4GVWJRU;
				FRAMEWORK_SEARCH_PATHS = (
					"$(inherited)",
					"$(PROJECT_DIR)",
				);
				INFOPLIST_FILE = Udacians/Info.plist;
				IPHONEOS_DEPLOYMENT_TARGET = 10.0;
				LD_RUNPATH_SEARCH_PATHS = "$(inherited) @executable_path/Frameworks";
				PRODUCT_BUNDLE_IDENTIFIER = com.owenlarosa.Udacians;
				PRODUCT_NAME = "$(TARGET_NAME)";
				SWIFT_OBJC_BRIDGING_HEADER = "";
				SWIFT_OPTIMIZATION_LEVEL = "-Onone";
				SWIFT_VERSION = 3.0;
			};
			name = Debug;
		};
		5A585C8B1DC2449B009647A0 /* Release */ = {
			isa = XCBuildConfiguration;
			baseConfigurationReference = 879F70E92E6DF9E41D385372 /* Pods-Udacians.release.xcconfig */;
			buildSettings = {
				ASSETCATALOG_COMPILER_APPICON_NAME = AppIcon;
				CLANG_ENABLE_MODULES = YES;
				DEVELOPMENT_TEAM = V5C4GVWJRU;
				FRAMEWORK_SEARCH_PATHS = (
					"$(inherited)",
					"$(PROJECT_DIR)",
				);
				INFOPLIST_FILE = Udacians/Info.plist;
				IPHONEOS_DEPLOYMENT_TARGET = 10.0;
				LD_RUNPATH_SEARCH_PATHS = "$(inherited) @executable_path/Frameworks";
				PRODUCT_BUNDLE_IDENTIFIER = com.owenlarosa.Udacians;
				PRODUCT_NAME = "$(TARGET_NAME)";
				SWIFT_OBJC_BRIDGING_HEADER = "";
				SWIFT_VERSION = 3.0;
			};
			name = Release;
		};
		5A585C8D1DC2449B009647A0 /* Debug */ = {
			isa = XCBuildConfiguration;
			baseConfigurationReference = 65C96328D892443BC50FA6AC /* Pods-UdaciansTests.debug.xcconfig */;
			buildSettings = {
				ALWAYS_EMBED_SWIFT_STANDARD_LIBRARIES = YES;
				BUNDLE_LOADER = "$(TEST_HOST)";
				DEVELOPMENT_TEAM = V5C4GVWJRU;
				INFOPLIST_FILE = UdaciansTests/Info.plist;
				LD_RUNPATH_SEARCH_PATHS = "$(inherited) @executable_path/Frameworks @loader_path/Frameworks";
				PRODUCT_BUNDLE_IDENTIFIER = com.owenlarosa.UdaciansTests;
				PRODUCT_NAME = "$(TARGET_NAME)";
				SWIFT_VERSION = 3.0;
				TEST_HOST = "$(BUILT_PRODUCTS_DIR)/Udacians.app/Udacians";
			};
			name = Debug;
		};
		5A585C8E1DC2449B009647A0 /* Release */ = {
			isa = XCBuildConfiguration;
			baseConfigurationReference = 88003A6AB517A665AD787A09 /* Pods-UdaciansTests.release.xcconfig */;
			buildSettings = {
				ALWAYS_EMBED_SWIFT_STANDARD_LIBRARIES = YES;
				BUNDLE_LOADER = "$(TEST_HOST)";
				DEVELOPMENT_TEAM = V5C4GVWJRU;
				INFOPLIST_FILE = UdaciansTests/Info.plist;
				LD_RUNPATH_SEARCH_PATHS = "$(inherited) @executable_path/Frameworks @loader_path/Frameworks";
				PRODUCT_BUNDLE_IDENTIFIER = com.owenlarosa.UdaciansTests;
				PRODUCT_NAME = "$(TARGET_NAME)";
				SWIFT_VERSION = 3.0;
				TEST_HOST = "$(BUILT_PRODUCTS_DIR)/Udacians.app/Udacians";
			};
			name = Release;
		};
		5A585C901DC2449B009647A0 /* Debug */ = {
			isa = XCBuildConfiguration;
			baseConfigurationReference = B3A72EF7449C3866F4DDB139 /* Pods-UdaciansUITests.debug.xcconfig */;
			buildSettings = {
				ALWAYS_EMBED_SWIFT_STANDARD_LIBRARIES = YES;
				DEVELOPMENT_TEAM = V5C4GVWJRU;
				INFOPLIST_FILE = UdaciansUITests/Info.plist;
				LD_RUNPATH_SEARCH_PATHS = "$(inherited) @executable_path/Frameworks @loader_path/Frameworks";
				PRODUCT_BUNDLE_IDENTIFIER = com.owenlarosa.UdaciansUITests;
				PRODUCT_NAME = "$(TARGET_NAME)";
				SWIFT_VERSION = 3.0;
				TEST_TARGET_NAME = Udacians;
			};
			name = Debug;
		};
		5A585C911DC2449B009647A0 /* Release */ = {
			isa = XCBuildConfiguration;
			baseConfigurationReference = 03ABD6AEE36CA7AB8BCF27D5 /* Pods-UdaciansUITests.release.xcconfig */;
			buildSettings = {
				ALWAYS_EMBED_SWIFT_STANDARD_LIBRARIES = YES;
				DEVELOPMENT_TEAM = V5C4GVWJRU;
				INFOPLIST_FILE = UdaciansUITests/Info.plist;
				LD_RUNPATH_SEARCH_PATHS = "$(inherited) @executable_path/Frameworks @loader_path/Frameworks";
				PRODUCT_BUNDLE_IDENTIFIER = com.owenlarosa.UdaciansUITests;
				PRODUCT_NAME = "$(TARGET_NAME)";
				SWIFT_VERSION = 3.0;
				TEST_TARGET_NAME = Udacians;
			};
			name = Release;
		};
/* End XCBuildConfiguration section */

/* Begin XCConfigurationList section */
		5A585C5C1DC2449A009647A0 /* Build configuration list for PBXProject "Udacians" */ = {
			isa = XCConfigurationList;
			buildConfigurations = (
				5A585C871DC2449B009647A0 /* Debug */,
				5A585C881DC2449B009647A0 /* Release */,
			);
			defaultConfigurationIsVisible = 0;
			defaultConfigurationName = Release;
		};
		5A585C891DC2449B009647A0 /* Build configuration list for PBXNativeTarget "Udacians" */ = {
			isa = XCConfigurationList;
			buildConfigurations = (
				5A585C8A1DC2449B009647A0 /* Debug */,
				5A585C8B1DC2449B009647A0 /* Release */,
			);
			defaultConfigurationIsVisible = 0;
			defaultConfigurationName = Release;
		};
		5A585C8C1DC2449B009647A0 /* Build configuration list for PBXNativeTarget "UdaciansTests" */ = {
			isa = XCConfigurationList;
			buildConfigurations = (
				5A585C8D1DC2449B009647A0 /* Debug */,
				5A585C8E1DC2449B009647A0 /* Release */,
			);
			defaultConfigurationIsVisible = 0;
			defaultConfigurationName = Release;
		};
		5A585C8F1DC2449B009647A0 /* Build configuration list for PBXNativeTarget "UdaciansUITests" */ = {
			isa = XCConfigurationList;
			buildConfigurations = (
				5A585C901DC2449B009647A0 /* Debug */,
				5A585C911DC2449B009647A0 /* Release */,
			);
			defaultConfigurationIsVisible = 0;
			defaultConfigurationName = Release;
		};
/* End XCConfigurationList section */
	};
	rootObject = 5A585C591DC2449A009647A0 /* Project object */;
}
